
Microsoft Visual Studio Solution File, Format Version 12.00
# Visual Studio Version 16
VisualStudioVersion = 16.0.30711.63
MinimumVisualStudioVersion = 10.0.40219.1
Project("{8BC9CEB8-8B4A-11D0-8D11-00A0C91BC942}") = "TrabajoFinal_POO", "TrabajoFinal_POO\TrabajoFinal_POO.vcxproj", "{FACADDC0-B6D7-4FD1-B9A0-B094085691FA}"
EndProject
Global
	GlobalSection(SolutionConfigurationPlatforms) = preSolution
		Debug|x64 = Debug|x64
		Debug|x86 = Debug|x86
		Release|x64 = Release|x64
		Release|x86 = Release|x86
	EndGlobalSection
	GlobalSection(ProjectConfigurationPlatforms) = postSolution
		{FACADDC0-B6D7-4FD1-B9A0-B094085691FA}.Debug|x64.ActiveCfg = Debug|x64
		{FACADDC0-B6D7-4FD1-B9A0-B094085691FA}.Debug|x64.Build.0 = Debug|x64
		{FACADDC0-B6D7-4FD1-B9A0-B094085691FA}.Debug|x86.ActiveCfg = Debug|Win32
		{FACADDC0-B6D7-4FD1-B9A0-B094085691FA}.Debug|x86.Build.0 = Debug|Win32
		{FACADDC0-B6D7-4FD1-B9A0-B094085691FA}.Release|x64.ActiveCfg = Release|x64
		{FACADDC0-B6D7-4FD1-B9A0-B094085691FA}.Release|x64.Build.0 = Release|x64
		{FACADDC0-B6D7-4FD1-B9A0-B094085691FA}.Release|x86.ActiveCfg = Release|Win32
		{FACADDC0-B6D7-4FD1-B9A0-B094085691FA}.Release|x86.Build.0 = Release|Win32
	EndGlobalSection
	GlobalSection(SolutionProperties) = preSolution
		HideSolutionNode = FALSE
	EndGlobalSection
	GlobalSection(ExtensibilityGlobals) = postSolution
		SolutionGuid = {84B64F28-C0D6-4E31-8570-C7CAA9773526}
	EndGlobalSection
EndGlobal
